
Microsoft Visual Studio Solution File, Format Version 12.00
# Visual Studio 15
VisualStudioVersion = 15.0.27703.2035
MinimumVisualStudioVersion = 10.0.40219.1
Project("{FAE04EC0-301F-11D3-BF4B-00C04F79EFBC}") = "TareaRepo", "TareaRepo\TareaRepo.csproj", "{96869A0A-FEFC-4217-ABAE-5E1914096F4E}"
EndProject
Project("{FAE04EC0-301F-11D3-BF4B-00C04F79EFBC}") = "TareaRepo.domine", "TareaRepo.domine\TareaRepo.domine.csproj", "{BBAD7339-0E14-48C9-8657-C6EA83CEF553}"
EndProject
Global
	GlobalSection(SolutionConfigurationPlatforms) = preSolution
		Debug|Any CPU = Debug|Any CPU
		Release|Any CPU = Release|Any CPU
	EndGlobalSection
	GlobalSection(ProjectConfigurationPlatforms) = postSolution
		{96869A0A-FEFC-4217-ABAE-5E1914096F4E}.Debug|Any CPU.ActiveCfg = Debug|Any CPU
		{96869A0A-FEFC-4217-ABAE-5E1914096F4E}.Debug|Any CPU.Build.0 = Debug|Any CPU
		{96869A0A-FEFC-4217-ABAE-5E1914096F4E}.Release|Any CPU.ActiveCfg = Release|Any CPU
		{96869A0A-FEFC-4217-ABAE-5E1914096F4E}.Release|Any CPU.Build.0 = Release|Any CPU
		{BBAD7339-0E14-48C9-8657-C6EA83CEF553}.Debug|Any CPU.ActiveCfg = Debug|Any CPU
		{BBAD7339-0E14-48C9-8657-C6EA83CEF553}.Debug|Any CPU.Build.0 = Debug|Any CPU
		{BBAD7339-0E14-48C9-8657-C6EA83CEF553}.Release|Any CPU.ActiveCfg = Release|Any CPU
		{BBAD7339-0E14-48C9-8657-C6EA83CEF553}.Release|Any CPU.Build.0 = Release|Any CPU
	EndGlobalSection
	GlobalSection(SolutionProperties) = preSolution
		HideSolutionNode = FALSE
	EndGlobalSection
	GlobalSection(ExtensibilityGlobals) = postSolution
		SolutionGuid = {0DD7D88B-0734-49E9-AF47-8E863C269484}
	EndGlobalSection
EndGlobal
